
Microsoft Visual Studio Solution File, Format Version 12.00
# Visual Studio Version 16
VisualStudioVersion = 16.0.32630.194
MinimumVisualStudioVersion = 10.0.40219.1
Project("{FAE04EC0-301F-11D3-BF4B-00C04F79EFBC}") = "ClassesAndMethods1", "ClassesAndMethods1\ClassesAndMethods1.csproj", "{27057051-81D6-46AA-860F-5A40332424EA}"
EndProject
Global
	GlobalSection(SolutionConfigurationPlatforms) = preSolution
		Debug|Any CPU = Debug|Any CPU
		Release|Any CPU = Release|Any CPU
	EndGlobalSection
	GlobalSection(ProjectConfigurationPlatforms) = postSolution
		{27057051-81D6-46AA-860F-5A40332424EA}.Debug|Any CPU.ActiveCfg = Debug|Any CPU
		{27057051-81D6-46AA-860F-5A40332424EA}.Debug|Any CPU.Build.0 = Debug|Any CPU
		{27057051-81D6-46AA-860F-5A40332424EA}.Release|Any CPU.ActiveCfg = Release|Any CPU
		{27057051-81D6-46AA-860F-5A40332424EA}.Release|Any CPU.Build.0 = Release|Any CPU
	EndGlobalSection
	GlobalSection(SolutionProperties) = preSolution
		HideSolutionNode = FALSE
	EndGlobalSection
	GlobalSection(ExtensibilityGlobals) = postSolution
		SolutionGuid = {F53A2974-7893-455E-8D55-869C662868DD}
	EndGlobalSection
EndGlobal
