
Microsoft Visual Studio Solution File, Format Version 12.00
# Visual Studio Version 16
VisualStudioVersion = 16.0.32630.194
MinimumVisualStudioVersion = 10.0.40219.1
Project("{FAE04EC0-301F-11D3-BF4B-00C04F79EFBC}") = "EF Code-First", "EF Code-First\EF Code-First.csproj", "{C70C54B5-5372-433D-906B-36CF1731CE2B}"
EndProject
Global
	GlobalSection(SolutionConfigurationPlatforms) = preSolution
		Debug|Any CPU = Debug|Any CPU
		Release|Any CPU = Release|Any CPU
	EndGlobalSection
	GlobalSection(ProjectConfigurationPlatforms) = postSolution
		{C70C54B5-5372-433D-906B-36CF1731CE2B}.Debug|Any CPU.ActiveCfg = Debug|Any CPU
		{C70C54B5-5372-433D-906B-36CF1731CE2B}.Debug|Any CPU.Build.0 = Debug|Any CPU
		{C70C54B5-5372-433D-906B-36CF1731CE2B}.Release|Any CPU.ActiveCfg = Release|Any CPU
		{C70C54B5-5372-433D-906B-36CF1731CE2B}.Release|Any CPU.Build.0 = Release|Any CPU
	EndGlobalSection
	GlobalSection(SolutionProperties) = preSolution
		HideSolutionNode = FALSE
	EndGlobalSection
	GlobalSection(ExtensibilityGlobals) = postSolution
		SolutionGuid = {11A6B33D-B87B-45BD-97FD-E327C1093A39}
	EndGlobalSection
EndGlobal
