
Microsoft Visual Studio Solution File, Format Version 12.00
# Visual Studio Version 16
VisualStudioVersion = 16.0.32413.511
MinimumVisualStudioVersion = 10.0.40219.1
Project("{FAE04EC0-301F-11D3-BF4B-00C04F79EFBC}") = "MathOperation", "MathOperation\MathOperation.csproj", "{FDC1E274-9F2B-4E57-B4E2-F138241C9D5B}"
EndProject
Global
	GlobalSection(SolutionConfigurationPlatforms) = preSolution
		Debug|Any CPU = Debug|Any CPU
		Release|Any CPU = Release|Any CPU
	EndGlobalSection
	GlobalSection(ProjectConfigurationPlatforms) = postSolution
		{FDC1E274-9F2B-4E57-B4E2-F138241C9D5B}.Debug|Any CPU.ActiveCfg = Debug|Any CPU
		{FDC1E274-9F2B-4E57-B4E2-F138241C9D5B}.Debug|Any CPU.Build.0 = Debug|Any CPU
		{FDC1E274-9F2B-4E57-B4E2-F138241C9D5B}.Release|Any CPU.ActiveCfg = Release|Any CPU
		{FDC1E274-9F2B-4E57-B4E2-F138241C9D5B}.Release|Any CPU.Build.0 = Release|Any CPU
	EndGlobalSection
	GlobalSection(SolutionProperties) = preSolution
		HideSolutionNode = FALSE
	EndGlobalSection
	GlobalSection(ExtensibilityGlobals) = postSolution
		SolutionGuid = {26DDC5C7-5216-4DCC-816F-5FF6EF8FA7D5}
	EndGlobalSection
EndGlobal
