
Microsoft Visual Studio Solution File, Format Version 12.00
# Visual Studio Version 16
VisualStudioVersion = 16.0.32413.511
MinimumVisualStudioVersion = 10.0.40219.1
Project("{FAE04EC0-301F-11D3-BF4B-00C04F79EFBC}") = "String", "String\String.csproj", "{DDAD0DD3-4599-4A71-B6BC-C131ADDE1DD9}"
EndProject
Global
	GlobalSection(SolutionConfigurationPlatforms) = preSolution
		Debug|Any CPU = Debug|Any CPU
		Release|Any CPU = Release|Any CPU
	EndGlobalSection
	GlobalSection(ProjectConfigurationPlatforms) = postSolution
		{DDAD0DD3-4599-4A71-B6BC-C131ADDE1DD9}.Debug|Any CPU.ActiveCfg = Debug|Any CPU
		{DDAD0DD3-4599-4A71-B6BC-C131ADDE1DD9}.Debug|Any CPU.Build.0 = Debug|Any CPU
		{DDAD0DD3-4599-4A71-B6BC-C131ADDE1DD9}.Release|Any CPU.ActiveCfg = Release|Any CPU
		{DDAD0DD3-4599-4A71-B6BC-C131ADDE1DD9}.Release|Any CPU.Build.0 = Release|Any CPU
	EndGlobalSection
	GlobalSection(SolutionProperties) = preSolution
		HideSolutionNode = FALSE
	EndGlobalSection
	GlobalSection(ExtensibilityGlobals) = postSolution
		SolutionGuid = {D6B36E31-3CDA-48E8-9B59-C80B53B6B956}
	EndGlobalSection
EndGlobal
