
Microsoft Visual Studio Solution File, Format Version 12.00
# Visual Studio Version 16
VisualStudioVersion = 16.0.32413.511
MinimumVisualStudioVersion = 10.0.40219.1
Project("{FAE04EC0-301F-11D3-BF4B-00C04F79EFBC}") = "Arrays", "Arrays\Arrays.csproj", "{192BB838-D2DA-478A-B825-75D31ADAEAE5}"
EndProject
Global
	GlobalSection(SolutionConfigurationPlatforms) = preSolution
		Debug|Any CPU = Debug|Any CPU
		Release|Any CPU = Release|Any CPU
	EndGlobalSection
	GlobalSection(ProjectConfigurationPlatforms) = postSolution
		{192BB838-D2DA-478A-B825-75D31ADAEAE5}.Debug|Any CPU.ActiveCfg = Debug|Any CPU
		{192BB838-D2DA-478A-B825-75D31ADAEAE5}.Debug|Any CPU.Build.0 = Debug|Any CPU
		{192BB838-D2DA-478A-B825-75D31ADAEAE5}.Release|Any CPU.ActiveCfg = Release|Any CPU
		{192BB838-D2DA-478A-B825-75D31ADAEAE5}.Release|Any CPU.Build.0 = Release|Any CPU
	EndGlobalSection
	GlobalSection(SolutionProperties) = preSolution
		HideSolutionNode = FALSE
	EndGlobalSection
	GlobalSection(ExtensibilityGlobals) = postSolution
		SolutionGuid = {D7727360-8D3F-44B6-8BCA-C80DCC338622}
	EndGlobalSection
EndGlobal
