
Microsoft Visual Studio Solution File, Format Version 12.00
# Visual Studio Version 16
VisualStudioVersion = 16.0.32630.194
MinimumVisualStudioVersion = 10.0.40219.1
Project("{FAE04EC0-301F-11D3-BF4B-00C04F79EFBC}") = "ClassesAndMethods2", "ClassesAndMethods2\ClassesAndMethods2.csproj", "{A10E85B0-C19A-4568-82EF-4331AAA72CF5}"
EndProject
Global
	GlobalSection(SolutionConfigurationPlatforms) = preSolution
		Debug|Any CPU = Debug|Any CPU
		Release|Any CPU = Release|Any CPU
	EndGlobalSection
	GlobalSection(ProjectConfigurationPlatforms) = postSolution
		{A10E85B0-C19A-4568-82EF-4331AAA72CF5}.Debug|Any CPU.ActiveCfg = Debug|Any CPU
		{A10E85B0-C19A-4568-82EF-4331AAA72CF5}.Debug|Any CPU.Build.0 = Debug|Any CPU
		{A10E85B0-C19A-4568-82EF-4331AAA72CF5}.Release|Any CPU.ActiveCfg = Release|Any CPU
		{A10E85B0-C19A-4568-82EF-4331AAA72CF5}.Release|Any CPU.Build.0 = Release|Any CPU
	EndGlobalSection
	GlobalSection(SolutionProperties) = preSolution
		HideSolutionNode = FALSE
	EndGlobalSection
	GlobalSection(ExtensibilityGlobals) = postSolution
		SolutionGuid = {FB5F8506-B241-4543-A2C4-434131414C7E}
	EndGlobalSection
EndGlobal
