
Microsoft Visual Studio Solution File, Format Version 12.00
# Visual Studio Version 16
VisualStudioVersion = 16.0.32413.511
MinimumVisualStudioVersion = 10.0.40219.1
Project("{FAE04EC0-301F-11D3-BF4B-00C04F79EFBC}") = "Generics", "Generics\Generics.csproj", "{D907336C-2431-44D0-9443-81112666EABB}"
EndProject
Global
	GlobalSection(SolutionConfigurationPlatforms) = preSolution
		Debug|Any CPU = Debug|Any CPU
		Release|Any CPU = Release|Any CPU
	EndGlobalSection
	GlobalSection(ProjectConfigurationPlatforms) = postSolution
		{D907336C-2431-44D0-9443-81112666EABB}.Debug|Any CPU.ActiveCfg = Debug|Any CPU
		{D907336C-2431-44D0-9443-81112666EABB}.Debug|Any CPU.Build.0 = Debug|Any CPU
		{D907336C-2431-44D0-9443-81112666EABB}.Release|Any CPU.ActiveCfg = Release|Any CPU
		{D907336C-2431-44D0-9443-81112666EABB}.Release|Any CPU.Build.0 = Release|Any CPU
	EndGlobalSection
	GlobalSection(SolutionProperties) = preSolution
		HideSolutionNode = FALSE
	EndGlobalSection
	GlobalSection(ExtensibilityGlobals) = postSolution
		SolutionGuid = {6F58954F-143F-451D-AF7E-B505502B3DC9}
	EndGlobalSection
EndGlobal
